
Microsoft Visual Studio Solution File, Format Version 11.00
# Visual Studio 2010
Project("{FAE04EC0-301F-11D3-BF4B-00C04F79EFBC}") = "Assembly-CSharp", "Assembly-CSharp.csproj", "{59BD3D45-1F8D-BF58-AA26-C11F2A6B7FE8}"
EndProject
Project("{FAE04EC0-301F-11D3-BF4B-00C04F79EFBC}") = "Assembly-CSharp-Editor", "Assembly-CSharp-Editor.csproj", "{5A96AFB8-F706-6270-4F40-15BF5AEAE47D}"
EndProject
Global
	GlobalSection(SolutionConfigurationPlatforms) = preSolution
		Debug|Any CPU = Debug|Any CPU
		Release|Any CPU = Release|Any CPU
	EndGlobalSection
	GlobalSection(ProjectConfigurationPlatforms) = postSolution
		{59BD3D45-1F8D-BF58-AA26-C11F2A6B7FE8}.Debug|Any CPU.ActiveCfg = Debug|Any CPU
		{59BD3D45-1F8D-BF58-AA26-C11F2A6B7FE8}.Debug|Any CPU.Build.0 = Debug|Any CPU
		{59BD3D45-1F8D-BF58-AA26-C11F2A6B7FE8}.Release|Any CPU.ActiveCfg = Release|Any CPU
		{59BD3D45-1F8D-BF58-AA26-C11F2A6B7FE8}.Release|Any CPU.Build.0 = Release|Any CPU
		{5A96AFB8-F706-6270-4F40-15BF5AEAE47D}.Debug|Any CPU.ActiveCfg = Debug|Any CPU
		{5A96AFB8-F706-6270-4F40-15BF5AEAE47D}.Debug|Any CPU.Build.0 = Debug|Any CPU
		{5A96AFB8-F706-6270-4F40-15BF5AEAE47D}.Release|Any CPU.ActiveCfg = Release|Any CPU
		{5A96AFB8-F706-6270-4F40-15BF5AEAE47D}.Release|Any CPU.Build.0 = Release|Any CPU
	EndGlobalSection
	GlobalSection(SolutionProperties) = preSolution
		HideSolutionNode = FALSE
	EndGlobalSection
	GlobalSection(MonoDevelopProperties) = preSolution
		StartupItem = Assembly-CSharp.csproj
	EndGlobalSection
EndGlobal
